
Microsoft Visual Studio Solution File, Format Version 12.00
# Visual Studio Version 17
VisualStudioVersion = 17.2.32630.192
MinimumVisualStudioVersion = 10.0.40219.1
Project("{FAE04EC0-301F-11D3-BF4B-00C04F79EFBC}") = "ProjetoCalculadoraCSharpe", "ProjetoCalculadoraCSharpe\ProjetoCalculadoraCSharpe.csproj", "{9EDCCB2C-DE1C-4242-A43E-FF890537F29C}"
EndProject
Global
	GlobalSection(SolutionConfigurationPlatforms) = preSolution
		Debug|Any CPU = Debug|Any CPU
		Release|Any CPU = Release|Any CPU
	EndGlobalSection
	GlobalSection(ProjectConfigurationPlatforms) = postSolution
		{9EDCCB2C-DE1C-4242-A43E-FF890537F29C}.Debug|Any CPU.ActiveCfg = Debug|Any CPU
		{9EDCCB2C-DE1C-4242-A43E-FF890537F29C}.Debug|Any CPU.Build.0 = Debug|Any CPU
		{9EDCCB2C-DE1C-4242-A43E-FF890537F29C}.Release|Any CPU.ActiveCfg = Release|Any CPU
		{9EDCCB2C-DE1C-4242-A43E-FF890537F29C}.Release|Any CPU.Build.0 = Release|Any CPU
	EndGlobalSection
	GlobalSection(SolutionProperties) = preSolution
		HideSolutionNode = FALSE
	EndGlobalSection
	GlobalSection(ExtensibilityGlobals) = postSolution
		SolutionGuid = {F76163D3-7994-4193-AE56-B59E2B08C5D6}
	EndGlobalSection
EndGlobal
